# THIS IS AN AUTOGENERATED FILE. DO NOT EDIT THIS FILE DIRECTLY.
# yarn lockfile v1


"@peggyjs/from-mem@1.3.4":
  version "1.3.4"
  resolved "https://registry.yarnpkg.com/@peggyjs/from-mem/-/from-mem-1.3.4.tgz#430ebc635b2f8ebeeadbc796937bab89e15be2cf"
  integrity sha512-6DqaCO73ihyM2AJ2Vl4QQGmmU3MoD4hFh0RFRzxPdLkSLfE0QMEyDfaojE/R3KbsL1UP4VQyJA2clwX4agSTBw==
  dependencies:
    semver "7.6.3"

commander@^12.1.0:
  version "12.1.0"
  resolved "https://registry.yarnpkg.com/commander/-/commander-12.1.0.tgz#01423b36f501259fdaac4d0e4d60c96c991585d3"
  integrity sha512-Vw8qHK3bZM9y/P10u3Vib8o/DdkvA2OtPtZvD871QKjy74Wj1WSKFILMPRPSdUSx5RFK1arlJzEtA4PkFgnbuA==

peggy@^4.1.1:
  version "4.1.1"
  resolved "https://registry.yarnpkg.com/peggy/-/peggy-4.1.1.tgz#654cd0fe07856172896cca33ae51aefc57cc3db7"
  integrity sha512-2emciJQKahHJpT7f1asizGSnJ8bq0TKgWMXnCrtAaSH1NIXaGifYxL5m5KMrCdlaqaQJz3SVexNkx+I+Vz66VA==
  dependencies:
    "@peggyjs/from-mem" "1.3.4"
    commander "^12.1.0"
    source-map-generator "0.8.0"

semver@7.6.3:
  version "7.6.3"
  resolved "https://registry.yarnpkg.com/semver/-/semver-7.6.3.tgz#980f7b5550bc175fb4dc09403085627f9eb33143"
  integrity sha512-oVekP1cKtI+CTDvHWYFUcMtsK/00wmAEfyqKfNdARm8u1wNVhSgaX7A8d4UuIlUI5e84iEwOhs7ZPYRmzU9U6A==

source-map-generator@0.8.0:
  version "0.8.0"
  resolved "https://registry.yarnpkg.com/source-map-generator/-/source-map-generator-0.8.0.tgz#10d5ca0651e2c9302ea338739cbd4408849c5d00"
  integrity sha512-psgxdGMwl5MZM9S3FWee4EgsEaIjahYV5AzGnwUvPhWeITz/j6rKpysQHlQ4USdxvINlb8lKfWGIXwfkrgtqkA==
